// !$*UTF8*$!
{
	archiveVersion = 1;
	classes = {
	};
	objectVersion = 56;
	objects = {

/* Begin PBXBuildFile section */
		B409056B2B7E682A002ADE74 /* LaunchScreen.storyboard in Resources */ = {isa = PBXBuildFile; fileRef = B409056A2B7E682A002ADE74 /* LaunchScreen.storyboard */; };
		B427009A2B7100FF00247424 /* SessionTimerDialog.swift in Sources */ = {isa = PBXBuildFile; fileRef = B42700992B7100FF00247424 /* SessionTimerDialog.swift */; };
		B45AEE812B4EF9F20066FFA7 /* AppState.swift in Sources */ = {isa = PBXBuildFile; fileRef = B45AEE802B4EF9F20066FFA7 /* AppState.swift */; };
		B46726392B8E14F4002C96B1 /* StoreView.swift in Sources */ = {isa = PBXBuildFile; fileRef = B46726382B8E14F4002C96B1 /* StoreView.swift */; };
		B467263B2B8E1572002C96B1 /* ChallengesView.swift in Sources */ = {isa = PBXBuildFile; fileRef = B467263A2B8E1572002C96B1 /* ChallengesView.swift */; };
		B467263D2B8E16E3002C96B1 /* ThemeConfig.swift in Sources */ = {isa = PBXBuildFile; fileRef = B467263C2B8E16E3002C96B1 /* ThemeConfig.swift */; };
		B467263F2B8E1737002C96B1 /* ConsumableConfig.swift in Sources */ = {isa = PBXBuildFile; fileRef = B467263E2B8E1737002C96B1 /* ConsumableConfig.swift */; };
		B46726432B8E2AE4002C96B1 /* ChallengeConfig.swift in Sources */ = {isa = PBXBuildFile; fileRef = B46726422B8E2AE4002C96B1 /* ChallengeConfig.swift */; };
		B46726452B8E3C24002C96B1 /* GameScene.swift in Sources */ = {isa = PBXBuildFile; fileRef = B46726442B8E3C24002C96B1 /* GameScene.swift */; };
		B495D9FC2B4DB88700AF3F2D /* turbotimerApp.swift in Sources */ = {isa = PBXBuildFile; fileRef = B495D9FB2B4DB88700AF3F2D /* turbotimerApp.swift */; };
		B495D9FE2B4DB88700AF3F2D /* ContentView.swift in Sources */ = {isa = PBXBuildFile; fileRef = B495D9FD2B4DB88700AF3F2D /* ContentView.swift */; };
		B495DA002B4DB88800AF3F2D /* Assets.xcassets in Resources */ = {isa = PBXBuildFile; fileRef = B495D9FF2B4DB88800AF3F2D /* Assets.xcassets */; };
		B495DA032B4DB88800AF3F2D /* Preview Assets.xcassets in Resources */ = {isa = PBXBuildFile; fileRef = B495DA022B4DB88800AF3F2D /* Preview Assets.xcassets */; };
		B495DA0D2B4DB88800AF3F2D /* turbotimerTests.swift in Sources */ = {isa = PBXBuildFile; fileRef = B495DA0C2B4DB88800AF3F2D /* turbotimerTests.swift */; };
		B495DA172B4DB88800AF3F2D /* turbotimerUITests.swift in Sources */ = {isa = PBXBuildFile; fileRef = B495DA162B4DB88800AF3F2D /* turbotimerUITests.swift */; };
		B495DA192B4DB88800AF3F2D /* turbotimerUITestsLaunchTests.swift in Sources */ = {isa = PBXBuildFile; fileRef = B495DA182B4DB88800AF3F2D /* turbotimerUITestsLaunchTests.swift */; };
		B4AD5C222B6D3F0A007FED79 /* ChallengesDialog.swift in Sources */ = {isa = PBXBuildFile; fileRef = B4AD5C212B6D3F0A007FED79 /* ChallengesDialog.swift */; };
		B4AD5C242B6D53BC007FED79 /* PurchasesDialog.swift in Sources */ = {isa = PBXBuildFile; fileRef = B4AD5C232B6D53BC007FED79 /* PurchasesDialog.swift */; };
		B4AD5C262B6D616E007FED79 /* SessionTimerSection.swift in Sources */ = {isa = PBXBuildFile; fileRef = B4AD5C252B6D616E007FED79 /* SessionTimerSection.swift */; };
/* End PBXBuildFile section */

/* Begin PBXContainerItemProxy section */
		B495DA092B4DB88800AF3F2D /* PBXContainerItemProxy */ = {
			isa = PBXContainerItemProxy;
			containerPortal = B495D9F02B4DB88700AF3F2D /* Project object */;
			proxyType = 1;
			remoteGlobalIDString = B495D9F72B4DB88700AF3F2D;
			remoteInfo = astrotimer;
		};
		B495DA132B4DB88800AF3F2D /* PBXContainerItemProxy */ = {
			isa = PBXContainerItemProxy;
			containerPortal = B495D9F02B4DB88700AF3F2D /* Project object */;
			proxyType = 1;
			remoteGlobalIDString = B495D9F72B4DB88700AF3F2D;
			remoteInfo = astrotimer;
		};
/* End PBXContainerItemProxy section */

/* Begin PBXFileReference section */
		B409056A2B7E682A002ADE74 /* LaunchScreen.storyboard */ = {isa = PBXFileReference; lastKnownFileType = file.storyboard; path = LaunchScreen.storyboard; sourceTree = "<group>"; };
		B42700992B7100FF00247424 /* SessionTimerDialog.swift */ = {isa = PBXFileReference; lastKnownFileType = sourcecode.swift; path = SessionTimerDialog.swift; sourceTree = "<group>"; };
		B45AEE802B4EF9F20066FFA7 /* AppState.swift */ = {isa = PBXFileReference; lastKnownFileType = sourcecode.swift; path = AppState.swift; sourceTree = "<group>"; };
		B46726382B8E14F4002C96B1 /* StoreView.swift */ = {isa = PBXFileReference; lastKnownFileType = sourcecode.swift; path = StoreView.swift; sourceTree = "<group>"; };
		B467263A2B8E1572002C96B1 /* ChallengesView.swift */ = {isa = PBXFileReference; lastKnownFileType = sourcecode.swift; path = ChallengesView.swift; sourceTree = "<group>"; };
		B467263C2B8E16E3002C96B1 /* ThemeConfig.swift */ = {isa = PBXFileReference; lastKnownFileType = sourcecode.swift; path = ThemeConfig.swift; sourceTree = "<group>"; };
		B467263E2B8E1737002C96B1 /* ConsumableConfig.swift */ = {isa = PBXFileReference; lastKnownFileType = sourcecode.swift; path = ConsumableConfig.swift; sourceTree = "<group>"; };
		B46726422B8E2AE4002C96B1 /* ChallengeConfig.swift */ = {isa = PBXFileReference; lastKnownFileType = sourcecode.swift; path = ChallengeConfig.swift; sourceTree = "<group>"; };
		B46726442B8E3C24002C96B1 /* GameScene.swift */ = {isa = PBXFileReference; lastKnownFileType = sourcecode.swift; path = GameScene.swift; sourceTree = "<group>"; };
		B495D9F82B4DB88700AF3F2D /* turbotimer.app */ = {isa = PBXFileReference; explicitFileType = wrapper.application; includeInIndex = 0; path = turbotimer.app; sourceTree = BUILT_PRODUCTS_DIR; };
		B495D9FB2B4DB88700AF3F2D /* turbotimerApp.swift */ = {isa = PBXFileReference; lastKnownFileType = sourcecode.swift; path = turbotimerApp.swift; sourceTree = "<group>"; };
		B495D9FD2B4DB88700AF3F2D /* ContentView.swift */ = {isa = PBXFileReference; lastKnownFileType = sourcecode.swift; path = ContentView.swift; sourceTree = "<group>"; };
		B495D9FF2B4DB88800AF3F2D /* Assets.xcassets */ = {isa = PBXFileReference; lastKnownFileType = folder.assetcatalog; path = Assets.xcassets; sourceTree = "<group>"; };
		B495DA022B4DB88800AF3F2D /* Preview Assets.xcassets */ = {isa = PBXFileReference; lastKnownFileType = folder.assetcatalog; path = "Preview Assets.xcassets"; sourceTree = "<group>"; };
		B495DA082B4DB88800AF3F2D /* turbotimerTests.xctest */ = {isa = PBXFileReference; explicitFileType = wrapper.cfbundle; includeInIndex = 0; path = turbotimerTests.xctest; sourceTree = BUILT_PRODUCTS_DIR; };
		B495DA0C2B4DB88800AF3F2D /* turbotimerTests.swift */ = {isa = PBXFileReference; lastKnownFileType = sourcecode.swift; path = turbotimerTests.swift; sourceTree = "<group>"; };
		B495DA122B4DB88800AF3F2D /* turbotimerUITests.xctest */ = {isa = PBXFileReference; explicitFileType = wrapper.cfbundle; includeInIndex = 0; path = turbotimerUITests.xctest; sourceTree = BUILT_PRODUCTS_DIR; };
		B495DA162B4DB88800AF3F2D /* turbotimerUITests.swift */ = {isa = PBXFileReference; lastKnownFileType = sourcecode.swift; path = turbotimerUITests.swift; sourceTree = "<group>"; };
		B495DA182B4DB88800AF3F2D /* turbotimerUITestsLaunchTests.swift */ = {isa = PBXFileReference; lastKnownFileType = sourcecode.swift; path = turbotimerUITestsLaunchTests.swift; sourceTree = "<group>"; };
		B4AD5C212B6D3F0A007FED79 /* ChallengesDialog.swift */ = {isa = PBXFileReference; lastKnownFileType = sourcecode.swift; path = ChallengesDialog.swift; sourceTree = "<group>"; };
		B4AD5C232B6D53BC007FED79 /* PurchasesDialog.swift */ = {isa = PBXFileReference; lastKnownFileType = sourcecode.swift; path = PurchasesDialog.swift; sourceTree = "<group>"; };
		B4AD5C252B6D616E007FED79 /* SessionTimerSection.swift */ = {isa = PBXFileReference; lastKnownFileType = sourcecode.swift; path = SessionTimerSection.swift; sourceTree = "<group>"; };
		B4C5764C2B73B4BF006B3F41 /* Info.plist */ = {isa = PBXFileReference; lastKnownFileType = text.plist; path = Info.plist; sourceTree = "<group>"; };
/* End PBXFileReference section */

/* Begin PBXFrameworksBuildPhase section */
		B495D9F52B4DB88700AF3F2D /* Frameworks */ = {
			isa = PBXFrameworksBuildPhase;
			buildActionMask = 2147483647;
			files = (
			);
			runOnlyForDeploymentPostprocessing = 0;
		};
		B495DA052B4DB88800AF3F2D /* Frameworks */ = {
			isa = PBXFrameworksBuildPhase;
			buildActionMask = 2147483647;
			files = (
			);
			runOnlyForDeploymentPostprocessing = 0;
		};
		B495DA0F2B4DB88800AF3F2D /* Frameworks */ = {
			isa = PBXFrameworksBuildPhase;
			buildActionMask = 2147483647;
			files = (
			);
			runOnlyForDeploymentPostprocessing = 0;
		};
/* End PBXFrameworksBuildPhase section */

/* Begin PBXGroup section */
		B46726402B8E177B002C96B1 /* Config */ = {
			isa = PBXGroup;
			children = (
				B467263C2B8E16E3002C96B1 /* ThemeConfig.swift */,
				B467263E2B8E1737002C96B1 /* ConsumableConfig.swift */,
				B46726422B8E2AE4002C96B1 /* ChallengeConfig.swift */,
			);
			path = Config;
			sourceTree = "<group>";
		};
		B46726412B8E17B2002C96B1 /* Dialog */ = {
			isa = PBXGroup;
			children = (
				B4AD5C232B6D53BC007FED79 /* PurchasesDialog.swift */,
				B4AD5C212B6D3F0A007FED79 /* ChallengesDialog.swift */,
				B42700992B7100FF00247424 /* SessionTimerDialog.swift */,
			);
			path = Dialog;
			sourceTree = "<group>";
		};
		B495D9EF2B4DB88700AF3F2D = {
			isa = PBXGroup;
			children = (
				B495D9FA2B4DB88700AF3F2D /* turbotimer */,
				B495DA0B2B4DB88800AF3F2D /* turbotimerTests */,
				B495DA152B4DB88800AF3F2D /* turbotimerUITests */,
				B495D9F92B4DB88700AF3F2D /* Products */,
			);
			sourceTree = "<group>";
		};
		B495D9F92B4DB88700AF3F2D /* Products */ = {
			isa = PBXGroup;
			children = (
				B495D9F82B4DB88700AF3F2D /* turbotimer.app */,
				B495DA082B4DB88800AF3F2D /* turbotimerTests.xctest */,
				B495DA122B4DB88800AF3F2D /* turbotimerUITests.xctest */,
			);
			name = Products;
			sourceTree = "<group>";
		};
		B495D9FA2B4DB88700AF3F2D /* turbotimer */ = {
			isa = PBXGroup;
			children = (
				B4C5764C2B73B4BF006B3F41 /* Info.plist */,
				B495D9FB2B4DB88700AF3F2D /* turbotimerApp.swift */,
				B45AEE802B4EF9F20066FFA7 /* AppState.swift */,
				B495D9FD2B4DB88700AF3F2D /* ContentView.swift */,
				B46726382B8E14F4002C96B1 /* StoreView.swift */,
				B467263A2B8E1572002C96B1 /* ChallengesView.swift */,
				B46726442B8E3C24002C96B1 /* GameScene.swift */,
				B4AD5C252B6D616E007FED79 /* SessionTimerSection.swift */,
				B409056A2B7E682A002ADE74 /* LaunchScreen.storyboard */,
				B495D9FF2B4DB88800AF3F2D /* Assets.xcassets */,
				B46726402B8E177B002C96B1 /* Config */,
				B46726412B8E17B2002C96B1 /* Dialog */,
				B495DA012B4DB88800AF3F2D /* Preview Content */,
			);
			path = turbotimer;
			sourceTree = "<group>";
		};
		B495DA012B4DB88800AF3F2D /* Preview Content */ = {
			isa = PBXGroup;
			children = (
				B495DA022B4DB88800AF3F2D /* Preview Assets.xcassets */,
			);
			path = "Preview Content";
			sourceTree = "<group>";
		};
		B495DA0B2B4DB88800AF3F2D /* turbotimerTests */ = {
			isa = PBXGroup;
			children = (
				B495DA0C2B4DB88800AF3F2D /* turbotimerTests.swift */,
			);
			path = turbotimerTests;
			sourceTree = "<group>";
		};
		B495DA152B4DB88800AF3F2D /* turbotimerUITests */ = {
			isa = PBXGroup;
			children = (
				B495DA162B4DB88800AF3F2D /* turbotimerUITests.swift */,
				B495DA182B4DB88800AF3F2D /* turbotimerUITestsLaunchTests.swift */,
			);
			path = turbotimerUITests;
			sourceTree = "<group>";
		};
/* End PBXGroup section */

/* Begin PBXNativeTarget section */
		B495D9F72B4DB88700AF3F2D /* turbotimer */ = {
			isa = PBXNativeTarget;
			buildConfigurationList = B495DA1C2B4DB88800AF3F2D /* Build configuration list for PBXNativeTarget "turbotimer" */;
			buildPhases = (
				B495D9F42B4DB88700AF3F2D /* Sources */,
				B495D9F52B4DB88700AF3F2D /* Frameworks */,
				B495D9F62B4DB88700AF3F2D /* Resources */,
			);
			buildRules = (
			);
			dependencies = (
			);
			name = turbotimer;
			productName = astrotimer;
			productReference = B495D9F82B4DB88700AF3F2D /* turbotimer.app */;
			productType = "com.apple.product-type.application";
		};
		B495DA072B4DB88800AF3F2D /* turbotimerTests */ = {
			isa = PBXNativeTarget;
			buildConfigurationList = B495DA1F2B4DB88800AF3F2D /* Build configuration list for PBXNativeTarget "turbotimerTests" */;
			buildPhases = (
				B495DA042B4DB88800AF3F2D /* Sources */,
				B495DA052B4DB88800AF3F2D /* Frameworks */,
				B495DA062B4DB88800AF3F2D /* Resources */,
			);
			buildRules = (
			);
			dependencies = (
				B495DA0A2B4DB88800AF3F2D /* PBXTargetDependency */,
			);
			name = turbotimerTests;
			productName = astrotimerTests;
			productReference = B495DA082B4DB88800AF3F2D /* turbotimerTests.xctest */;
			productType = "com.apple.product-type.bundle.unit-test";
		};
		B495DA112B4DB88800AF3F2D /* turbotimerUITests */ = {
			isa = PBXNativeTarget;
			buildConfigurationList = B495DA222B4DB88800AF3F2D /* Build configuration list for PBXNativeTarget "turbotimerUITests" */;
			buildPhases = (
				B495DA0E2B4DB88800AF3F2D /* Sources */,
				B495DA0F2B4DB88800AF3F2D /* Frameworks */,
				B495DA102B4DB88800AF3F2D /* Resources */,
			);
			buildRules = (
			);
			dependencies = (
				B495DA142B4DB88800AF3F2D /* PBXTargetDependency */,
			);
			name = turbotimerUITests;
			productName = astrotimerUITests;
			productReference = B495DA122B4DB88800AF3F2D /* turbotimerUITests.xctest */;
			productType = "com.apple.product-type.bundle.ui-testing";
		};
/* End PBXNativeTarget section */

/* Begin PBXProject section */
		B495D9F02B4DB88700AF3F2D /* Project object */ = {
			isa = PBXProject;
			attributes = {
				BuildIndependentTargetsInParallel = 1;
				LastSwiftUpdateCheck = 1510;
				LastUpgradeCheck = 1510;
				TargetAttributes = {
					B495D9F72B4DB88700AF3F2D = {
						CreatedOnToolsVersion = 15.1;
					};
					B495DA072B4DB88800AF3F2D = {
						CreatedOnToolsVersion = 15.1;
						TestTargetID = B495D9F72B4DB88700AF3F2D;
					};
					B495DA112B4DB88800AF3F2D = {
						CreatedOnToolsVersion = 15.1;
						TestTargetID = B495D9F72B4DB88700AF3F2D;
					};
				};
			};
			buildConfigurationList = B495D9F32B4DB88700AF3F2D /* Build configuration list for PBXProject "turbotimer" */;
			compatibilityVersion = "Xcode 14.0";
			developmentRegion = en;
			hasScannedForEncodings = 0;
			knownRegions = (
				en,
				Base,
			);
			mainGroup = B495D9EF2B4DB88700AF3F2D;
			productRefGroup = B495D9F92B4DB88700AF3F2D /* Products */;
			projectDirPath = "";
			projectRoot = "";
			targets = (
				B495D9F72B4DB88700AF3F2D /* turbotimer */,
				B495DA072B4DB88800AF3F2D /* turbotimerTests */,
				B495DA112B4DB88800AF3F2D /* turbotimerUITests */,
			);
		};
/* End PBXProject section */

/* Begin PBXResourcesBuildPhase section */
		B495D9F62B4DB88700AF3F2D /* Resources */ = {
			isa = PBXResourcesBuildPhase;
			buildActionMask = 2147483647;
			files = (
				B409056B2B7E682A002ADE74 /* LaunchScreen.storyboard in Resources */,
				B495DA032B4DB88800AF3F2D /* Preview Assets.xcassets in Resources */,
				B495DA002B4DB88800AF3F2D /* Assets.xcassets in Resources */,
			);
			runOnlyForDeploymentPostprocessing = 0;
		};
		B495DA062B4DB88800AF3F2D /* Resources */ = {
			isa = PBXResourcesBuildPhase;
			buildActionMask = 2147483647;
			files = (
			);
			runOnlyForDeploymentPostprocessing = 0;
		};
		B495DA102B4DB88800AF3F2D /* Resources */ = {
			isa = PBXResourcesBuildPhase;
			buildActionMask = 2147483647;
			files = (
			);
			runOnlyForDeploymentPostprocessing = 0;
		};
/* End PBXResourcesBuildPhase section */

/* Begin PBXSourcesBuildPhase section */
		B495D9F42B4DB88700AF3F2D /* Sources */ = {
			isa = PBXSourcesBuildPhase;
			buildActionMask = 2147483647;
			files = (
				B467263B2B8E1572002C96B1 /* ChallengesView.swift in Sources */,
				B4AD5C262B6D616E007FED79 /* SessionTimerSection.swift in Sources */,
				B4AD5C222B6D3F0A007FED79 /* ChallengesDialog.swift in Sources */,
				B467263F2B8E1737002C96B1 /* ConsumableConfig.swift in Sources */,
				B46726392B8E14F4002C96B1 /* StoreView.swift in Sources */,
				B46726432B8E2AE4002C96B1 /* ChallengeConfig.swift in Sources */,
				B45AEE812B4EF9F20066FFA7 /* AppState.swift in Sources */,
				B427009A2B7100FF00247424 /* SessionTimerDialog.swift in Sources */,
				B46726452B8E3C24002C96B1 /* GameScene.swift in Sources */,
				B495D9FE2B4DB88700AF3F2D /* ContentView.swift in Sources */,
				B467263D2B8E16E3002C96B1 /* ThemeConfig.swift in Sources */,
				B4AD5C242B6D53BC007FED79 /* PurchasesDialog.swift in Sources */,
				B495D9FC2B4DB88700AF3F2D /* turbotimerApp.swift in Sources */,
			);
			runOnlyForDeploymentPostprocessing = 0;
		};
		B495DA042B4DB88800AF3F2D /* Sources */ = {
			isa = PBXSourcesBuildPhase;
			buildActionMask = 2147483647;
			files = (
				B495DA0D2B4DB88800AF3F2D /* turbotimerTests.swift in Sources */,
			);
			runOnlyForDeploymentPostprocessing = 0;
		};
		B495DA0E2B4DB88800AF3F2D /* Sources */ = {
			isa = PBXSourcesBuildPhase;
			buildActionMask = 2147483647;
			files = (
				B495DA192B4DB88800AF3F2D /* turbotimerUITestsLaunchTests.swift in Sources */,
				B495DA172B4DB88800AF3F2D /* turbotimerUITests.swift in Sources */,
			);
			runOnlyForDeploymentPostprocessing = 0;
		};
/* End PBXSourcesBuildPhase section */

/* Begin PBXTargetDependency section */
		B495DA0A2B4DB88800AF3F2D /* PBXTargetDependency */ = {
			isa = PBXTargetDependency;
			target = B495D9F72B4DB88700AF3F2D /* turbotimer */;
			targetProxy = B495DA092B4DB88800AF3F2D /* PBXContainerItemProxy */;
		};
		B495DA142B4DB88800AF3F2D /* PBXTargetDependency */ = {
			isa = PBXTargetDependency;
			target = B495D9F72B4DB88700AF3F2D /* turbotimer */;
			targetProxy = B495DA132B4DB88800AF3F2D /* PBXContainerItemProxy */;
		};
/* End PBXTargetDependency section */

/* Begin XCBuildConfiguration section */
		B495DA1A2B4DB88800AF3F2D /* Debug */ = {
			isa = XCBuildConfiguration;
			buildSettings = {
				ALWAYS_SEARCH_USER_PATHS = NO;
				ASSETCATALOG_COMPILER_GENERATE_SWIFT_ASSET_SYMBOL_EXTENSIONS = YES;
				CLANG_ANALYZER_NONNULL = YES;
				CLANG_ANALYZER_NUMBER_OBJECT_CONVERSION = YES_AGGRESSIVE;
				CLANG_CXX_LANGUAGE_STANDARD = "gnu++20";
				CLANG_ENABLE_MODULES = YES;
				CLANG_ENABLE_OBJC_ARC = YES;
				CLANG_ENABLE_OBJC_WEAK = YES;
				CLANG_WARN_BLOCK_CAPTURE_AUTORELEASING = YES;
				CLANG_WARN_BOOL_CONVERSION = YES;
				CLANG_WARN_COMMA = YES;
				CLANG_WARN_CONSTANT_CONVERSION = YES;
				CLANG_WARN_DEPRECATED_OBJC_IMPLEMENTATIONS = YES;
				CLANG_WARN_DIRECT_OBJC_ISA_USAGE = YES_ERROR;
				CLANG_WARN_DOCUMENTATION_COMMENTS = YES;
				CLANG_WARN_EMPTY_BODY = YES;
				CLANG_WARN_ENUM_CONVERSION = YES;
				CLANG_WARN_INFINITE_RECURSION = YES;
				CLANG_WARN_INT_CONVERSION = YES;
				CLANG_WARN_NON_LITERAL_NULL_CONVERSION = YES;
				CLANG_WARN_OBJC_IMPLICIT_RETAIN_SELF = YES;
				CLANG_WARN_OBJC_LITERAL_CONVERSION = YES;
				CLANG_WARN_OBJC_ROOT_CLASS = YES_ERROR;
				CLANG_WARN_QUOTED_INCLUDE_IN_FRAMEWORK_HEADER = YES;
				CLANG_WARN_RANGE_LOOP_ANALYSIS = YES;
				CLANG_WARN_STRICT_PROTOTYPES = YES;
				CLANG_WARN_SUSPICIOUS_MOVE = YES;
				CLANG_WARN_UNGUARDED_AVAILABILITY = YES_AGGRESSIVE;
				CLANG_WARN_UNREACHABLE_CODE = YES;
				CLANG_WARN__DUPLICATE_METHOD_MATCH = YES;
				COPY_PHASE_STRIP = NO;
				DEBUG_INFORMATION_FORMAT = dwarf;
				ENABLE_STRICT_OBJC_MSGSEND = YES;
				ENABLE_TESTABILITY = YES;
				ENABLE_USER_SCRIPT_SANDBOXING = YES;
				GCC_C_LANGUAGE_STANDARD = gnu17;
				GCC_DYNAMIC_NO_PIC = NO;
				GCC_NO_COMMON_BLOCKS = YES;
				GCC_OPTIMIZATION_LEVEL = 0;
				GCC_PREPROCESSOR_DEFINITIONS = (
					"DEBUG=1",
					"$(inherited)",
				);
				GCC_WARN_64_TO_32_BIT_CONVERSION = YES;
				GCC_WARN_ABOUT_RETURN_TYPE = YES_ERROR;
				GCC_WARN_UNDECLARED_SELECTOR = YES;
				GCC_WARN_UNINITIALIZED_AUTOS = YES_AGGRESSIVE;
				GCC_WARN_UNUSED_FUNCTION = YES;
				GCC_WARN_UNUSED_VARIABLE = YES;
				INFOPLIST_FILE = /Users/louismills/Documents/iosapp/turbotimer/turbotimer/Info.plist;
				IPHONEOS_DEPLOYMENT_TARGET = 17.2;
				LOCALIZATION_PREFERS_STRING_CATALOGS = YES;
				MTL_ENABLE_DEBUG_INFO = INCLUDE_SOURCE;
				MTL_FAST_MATH = YES;
				ONLY_ACTIVE_ARCH = YES;
				SDKROOT = iphoneos;
				SWIFT_ACTIVE_COMPILATION_CONDITIONS = "DEBUG $(inherited)";
				SWIFT_OPTIMIZATION_LEVEL = "-Onone";
			};
			name = Debug;
		};
		B495DA1B2B4DB88800AF3F2D /* Release */ = {
			isa = XCBuildConfiguration;
			buildSettings = {
				ALWAYS_SEARCH_USER_PATHS = NO;
				ASSETCATALOG_COMPILER_GENERATE_SWIFT_ASSET_SYMBOL_EXTENSIONS = YES;
				CLANG_ANALYZER_NONNULL = YES;
				CLANG_ANALYZER_NUMBER_OBJECT_CONVERSION = YES_AGGRESSIVE;
				CLANG_CXX_LANGUAGE_STANDARD = "gnu++20";
				CLANG_ENABLE_MODULES = YES;
				CLANG_ENABLE_OBJC_ARC = YES;
				CLANG_ENABLE_OBJC_WEAK = YES;
				CLANG_WARN_BLOCK_CAPTURE_AUTORELEASING = YES;
				CLANG_WARN_BOOL_CONVERSION = YES;
				CLANG_WARN_COMMA = YES;
				CLANG_WARN_CONSTANT_CONVERSION = YES;
				CLANG_WARN_DEPRECATED_OBJC_IMPLEMENTATIONS = YES;
				CLANG_WARN_DIRECT_OBJC_ISA_USAGE = YES_ERROR;
				CLANG_WARN_DOCUMENTATION_COMMENTS = YES;
				CLANG_WARN_EMPTY_BODY = YES;
				CLANG_WARN_ENUM_CONVERSION = YES;
				CLANG_WARN_INFINITE_RECURSION = YES;
				CLANG_WARN_INT_CONVERSION = YES;
				CLANG_WARN_NON_LITERAL_NULL_CONVERSION = YES;
				CLANG_WARN_OBJC_IMPLICIT_RETAIN_SELF = YES;
				CLANG_WARN_OBJC_LITERAL_CONVERSION = YES;
				CLANG_WARN_OBJC_ROOT_CLASS = YES_ERROR;
				CLANG_WARN_QUOTED_INCLUDE_IN_FRAMEWORK_HEADER = YES;
				CLANG_WARN_RANGE_LOOP_ANALYSIS = YES;
				CLANG_WARN_STRICT_PROTOTYPES = YES;
				CLANG_WARN_SUSPICIOUS_MOVE = YES;
				CLANG_WARN_UNGUARDED_AVAILABILITY = YES_AGGRESSIVE;
				CLANG_WARN_UNREACHABLE_CODE = YES;
				CLANG_WARN__DUPLICATE_METHOD_MATCH = YES;
				COPY_PHASE_STRIP = NO;
				DEBUG_INFORMATION_FORMAT = "dwarf-with-dsym";
				ENABLE_NS_ASSERTIONS = NO;
				ENABLE_STRICT_OBJC_MSGSEND = YES;
				ENABLE_USER_SCRIPT_SANDBOXING = YES;
				GCC_C_LANGUAGE_STANDARD = gnu17;
				GCC_NO_COMMON_BLOCKS = YES;
				GCC_WARN_64_TO_32_BIT_CONVERSION = YES;
				GCC_WARN_ABOUT_RETURN_TYPE = YES_ERROR;
				GCC_WARN_UNDECLARED_SELECTOR = YES;
				GCC_WARN_UNINITIALIZED_AUTOS = YES_AGGRESSIVE;
				GCC_WARN_UNUSED_FUNCTION = YES;
				GCC_WARN_UNUSED_VARIABLE = YES;
				INFOPLIST_FILE = /Users/louismills/Documents/iosapp/turbotimer/turbotimer/Info.plist;
				IPHONEOS_DEPLOYMENT_TARGET = 17.2;
				LOCALIZATION_PREFERS_STRING_CATALOGS = YES;
				MTL_ENABLE_DEBUG_INFO = NO;
				MTL_FAST_MATH = YES;
				SDKROOT = iphoneos;
				SWIFT_COMPILATION_MODE = wholemodule;
				VALIDATE_PRODUCT = YES;
			};
			name = Release;
		};
		B495DA1D2B4DB88800AF3F2D /* Debug */ = {
			isa = XCBuildConfiguration;
			buildSettings = {
				ASSETCATALOG_COMPILER_APPICON_NAME = AppIcon1;
				ASSETCATALOG_COMPILER_GLOBAL_ACCENT_COLOR_NAME = AccentColor;
				ASSETCATALOG_COMPILER_INCLUDE_ALL_APPICON_ASSETS = YES;
				CODE_SIGN_STYLE = Automatic;
				CURRENT_PROJECT_VERSION = 1;
				DEVELOPMENT_ASSET_PATHS = "\"turbotimer/Preview Content\"";
				DEVELOPMENT_TEAM = SL2A9X2CUX;
				ENABLE_PREVIEWS = YES;
				GENERATE_INFOPLIST_FILE = YES;
				INFOPLIST_FILE = turbotimer/Info.plist;
				INFOPLIST_KEY_CFBundleDisplayName = TurboTimer;
				INFOPLIST_KEY_LSApplicationCategoryType = "public.app-category.productivity";
				INFOPLIST_KEY_UIApplicationSceneManifest_Generation = YES;
				INFOPLIST_KEY_UIApplicationSupportsIndirectInputEvents = YES;
				INFOPLIST_KEY_UILaunchScreen_Generation = YES;
				INFOPLIST_KEY_UIRequiresFullScreen = YES;
				INFOPLIST_KEY_UISupportedInterfaceOrientations = UIInterfaceOrientationPortrait;
				LD_RUNPATH_SEARCH_PATHS = (
					"$(inherited)",
					"@executable_path/Frameworks",
				);
				MARKETING_VERSION = 1.0.19;
				PRODUCT_BUNDLE_IDENTIFIER = mills.turbotimer;
				PRODUCT_NAME = "$(TARGET_NAME)";
				SWIFT_EMIT_LOC_STRINGS = YES;
				SWIFT_VERSION = 5.0;
				TARGETED_DEVICE_FAMILY = "1,2";
			};
			name = Debug;
		};
		B495DA1E2B4DB88800AF3F2D /* Release */ = {
			isa = XCBuildConfiguration;
			buildSettings = {
				ASSETCATALOG_COMPILER_APPICON_NAME = AppIcon1;
				ASSETCATALOG_COMPILER_GLOBAL_ACCENT_COLOR_NAME = AccentColor;
				ASSETCATALOG_COMPILER_INCLUDE_ALL_APPICON_ASSETS = YES;
				CODE_SIGN_STYLE = Automatic;
				CURRENT_PROJECT_VERSION = 1;
				DEVELOPMENT_ASSET_PATHS = "\"turbotimer/Preview Content\"";
				DEVELOPMENT_TEAM = SL2A9X2CUX;
				ENABLE_PREVIEWS = YES;
				GENERATE_INFOPLIST_FILE = YES;
				INFOPLIST_FILE = turbotimer/Info.plist;
				INFOPLIST_KEY_CFBundleDisplayName = TurboTimer;
				INFOPLIST_KEY_LSApplicationCategoryType = "public.app-category.productivity";
				INFOPLIST_KEY_UIApplicationSceneManifest_Generation = YES;
				INFOPLIST_KEY_UIApplicationSupportsIndirectInputEvents = YES;
				INFOPLIST_KEY_UILaunchScreen_Generation = YES;
				INFOPLIST_KEY_UIRequiresFullScreen = YES;
				INFOPLIST_KEY_UISupportedInterfaceOrientations = UIInterfaceOrientationPortrait;
				LD_RUNPATH_SEARCH_PATHS = (
					"$(inherited)",
					"@executable_path/Frameworks",
				);
				MARKETING_VERSION = 1.0.19;
				PRODUCT_BUNDLE_IDENTIFIER = mills.turbotimer;
				PRODUCT_NAME = "$(TARGET_NAME)";
				SWIFT_EMIT_LOC_STRINGS = YES;
				SWIFT_VERSION = 5.0;
				TARGETED_DEVICE_FAMILY = "1,2";
			};
			name = Release;
		};
		B495DA202B4DB88800AF3F2D /* Debug */ = {
			isa = XCBuildConfiguration;
			buildSettings = {
				ALWAYS_EMBED_SWIFT_STANDARD_LIBRARIES = YES;
				BUNDLE_LOADER = "$(TEST_HOST)";
				CODE_SIGN_STYLE = Automatic;
				CURRENT_PROJECT_VERSION = 1;
				GENERATE_INFOPLIST_FILE = YES;
				IPHONEOS_DEPLOYMENT_TARGET = 17.2;
				MARKETING_VERSION = 1.0;
				PRODUCT_BUNDLE_IDENTIFIER = mills.astrotimerTests;
				PRODUCT_NAME = "$(TARGET_NAME)";
				SWIFT_EMIT_LOC_STRINGS = NO;
				SWIFT_VERSION = 5.0;
				TARGETED_DEVICE_FAMILY = "1,2";
				TEST_HOST = "$(BUILT_PRODUCTS_DIR)/astrotimer.app/$(BUNDLE_EXECUTABLE_FOLDER_PATH)/astrotimer";
			};
			name = Debug;
		};
		B495DA212B4DB88800AF3F2D /* Release */ = {
			isa = XCBuildConfiguration;
			buildSettings = {
				ALWAYS_EMBED_SWIFT_STANDARD_LIBRARIES = YES;
				BUNDLE_LOADER = "$(TEST_HOST)";
				CODE_SIGN_STYLE = Automatic;
				CURRENT_PROJECT_VERSION = 1;
				DEVELOPMENT_TEAM = SL2A9X2CUX;
				GENERATE_INFOPLIST_FILE = YES;
				IPHONEOS_DEPLOYMENT_TARGET = 17.2;
				MARKETING_VERSION = 1.0;
				PRODUCT_BUNDLE_IDENTIFIER = mills.astrotimerTests;
				PRODUCT_NAME = "$(TARGET_NAME)";
				SWIFT_EMIT_LOC_STRINGS = NO;
				SWIFT_VERSION = 5.0;
				TARGETED_DEVICE_FAMILY = "1,2";
				TEST_HOST = "$(BUILT_PRODUCTS_DIR)/astrotimer.app/$(BUNDLE_EXECUTABLE_FOLDER_PATH)/astrotimer";
			};
			name = Release;
		};
		B495DA232B4DB88800AF3F2D /* Debug */ = {
			isa = XCBuildConfiguration;
			buildSettings = {
				ALWAYS_EMBED_SWIFT_STANDARD_LIBRARIES = YES;
				CODE_SIGN_STYLE = Automatic;
				CURRENT_PROJECT_VERSION = 1;
				GENERATE_INFOPLIST_FILE = YES;
				MARKETING_VERSION = 1.0;
				PRODUCT_BUNDLE_IDENTIFIER = mills.astrotimerUITests;
				PRODUCT_NAME = "$(TARGET_NAME)";
				SWIFT_EMIT_LOC_STRINGS = NO;
				SWIFT_VERSION = 5.0;
				TARGETED_DEVICE_FAMILY = "1,2";
				TEST_TARGET_NAME = astrotimer;
			};
			name = Debug;
		};
		B495DA242B4DB88800AF3F2D /* Release */ = {
			isa = XCBuildConfiguration;
			buildSettings = {
				ALWAYS_EMBED_SWIFT_STANDARD_LIBRARIES = YES;
				CODE_SIGN_STYLE = Automatic;
				CURRENT_PROJECT_VERSION = 1;
				DEVELOPMENT_TEAM = SL2A9X2CUX;
				GENERATE_INFOPLIST_FILE = YES;
				MARKETING_VERSION = 1.0;
				PRODUCT_BUNDLE_IDENTIFIER = mills.astrotimerUITests;
				PRODUCT_NAME = "$(TARGET_NAME)";
				SWIFT_EMIT_LOC_STRINGS = NO;
				SWIFT_VERSION = 5.0;
				TARGETED_DEVICE_FAMILY = "1,2";
				TEST_TARGET_NAME = astrotimer;
			};
			name = Release;
		};
/* End XCBuildConfiguration section */

/* Begin XCConfigurationList section */
		B495D9F32B4DB88700AF3F2D /* Build configuration list for PBXProject "turbotimer" */ = {
			isa = XCConfigurationList;
			buildConfigurations = (
				B495DA1A2B4DB88800AF3F2D /* Debug */,
				B495DA1B2B4DB88800AF3F2D /* Release */,
			);
			defaultConfigurationIsVisible = 0;
			defaultConfigurationName = Release;
		};
		B495DA1C2B4DB88800AF3F2D /* Build configuration list for PBXNativeTarget "turbotimer" */ = {
			isa = XCConfigurationList;
			buildConfigurations = (
				B495DA1D2B4DB88800AF3F2D /* Debug */,
				B495DA1E2B4DB88800AF3F2D /* Release */,
			);
			defaultConfigurationIsVisible = 0;
			defaultConfigurationName = Release;
		};
		B495DA1F2B4DB88800AF3F2D /* Build configuration list for PBXNativeTarget "turbotimerTests" */ = {
			isa = XCConfigurationList;
			buildConfigurations = (
				B495DA202B4DB88800AF3F2D /* Debug */,
				B495DA212B4DB88800AF3F2D /* Release */,
			);
			defaultConfigurationIsVisible = 0;
			defaultConfigurationName = Release;
		};
		B495DA222B4DB88800AF3F2D /* Build configuration list for PBXNativeTarget "turbotimerUITests" */ = {
			isa = XCConfigurationList;
			buildConfigurations = (
				B495DA232B4DB88800AF3F2D /* Debug */,
				B495DA242B4DB88800AF3F2D /* Release */,
			);
			defaultConfigurationIsVisible = 0;
			defaultConfigurationName = Release;
		};
/* End XCConfigurationList section */
	};
	rootObject = B495D9F02B4DB88700AF3F2D /* Project object */;
}
